
Microsoft Visual Studio Solution File, Format Version 12.00
# Visual Studio Version 17
VisualStudioVersion = 17.9.34902.65
MinimumVisualStudioVersion = 10.0.40219.1
Project("{FAE04EC0-301F-11D3-BF4B-00C04F79EFBC}") = "CodeBRDG_TT", "CodeBRDG_TT\CodeBRDG_TT.csproj", "{A7E1E931-61C1-423F-B1B3-60391DEC35FA}"
EndProject
Project("{FAE04EC0-301F-11D3-BF4B-00C04F79EFBC}") = "CodeBRDG_TT.Tests", "CodeBRDG_TT.Tests\CodeBRDG_TT.Tests.csproj", "{F5A09F99-10EE-4BBF-91BE-9A7F56B9F01A}"
EndProject
Global
	GlobalSection(SolutionConfigurationPlatforms) = preSolution
		Debug|Any CPU = Debug|Any CPU
		Release|Any CPU = Release|Any CPU
	EndGlobalSection
	GlobalSection(ProjectConfigurationPlatforms) = postSolution
		{A7E1E931-61C1-423F-B1B3-60391DEC35FA}.Debug|Any CPU.ActiveCfg = Debug|Any CPU
		{A7E1E931-61C1-423F-B1B3-60391DEC35FA}.Debug|Any CPU.Build.0 = Debug|Any CPU
		{A7E1E931-61C1-423F-B1B3-60391DEC35FA}.Release|Any CPU.ActiveCfg = Release|Any CPU
		{A7E1E931-61C1-423F-B1B3-60391DEC35FA}.Release|Any CPU.Build.0 = Release|Any CPU
		{F5A09F99-10EE-4BBF-91BE-9A7F56B9F01A}.Debug|Any CPU.ActiveCfg = Debug|Any CPU
		{F5A09F99-10EE-4BBF-91BE-9A7F56B9F01A}.Debug|Any CPU.Build.0 = Debug|Any CPU
		{F5A09F99-10EE-4BBF-91BE-9A7F56B9F01A}.Release|Any CPU.ActiveCfg = Release|Any CPU
		{F5A09F99-10EE-4BBF-91BE-9A7F56B9F01A}.Release|Any CPU.Build.0 = Release|Any CPU
	EndGlobalSection
	GlobalSection(SolutionProperties) = preSolution
		HideSolutionNode = FALSE
	EndGlobalSection
	GlobalSection(ExtensibilityGlobals) = postSolution
		SolutionGuid = {4F5064FC-AAC4-45E1-9CF0-7F322ACD1496}
	EndGlobalSection
EndGlobal
